
Microsoft Visual Studio Solution File, Format Version 12.00
# Visual Studio Version 17
VisualStudioVersion = 17.13.35806.99 d17.13
MinimumVisualStudioVersion = 10.0.40219.1
Project("{8BC9CEB8-8B4A-11D0-8D11-00A0C91BC942}") = "ConsoleApplication2", "ConsoleApplication2.vcxproj", "{7739055A-0424-4471-B24C-0B49888FF8E1}"
EndProject
Global
	GlobalSection(SolutionConfigurationPlatforms) = preSolution
		Debug|x64 = Debug|x64
		Debug|x86 = Debug|x86
		Release|x64 = Release|x64
		Release|x86 = Release|x86
	EndGlobalSection
	GlobalSection(ProjectConfigurationPlatforms) = postSolution
		{7739055A-0424-4471-B24C-0B49888FF8E1}.Debug|x64.ActiveCfg = Debug|x64
		{7739055A-0424-4471-B24C-0B49888FF8E1}.Debug|x64.Build.0 = Debug|x64
		{7739055A-0424-4471-B24C-0B49888FF8E1}.Debug|x86.ActiveCfg = Debug|Win32
		{7739055A-0424-4471-B24C-0B49888FF8E1}.Debug|x86.Build.0 = Debug|Win32
		{7739055A-0424-4471-B24C-0B49888FF8E1}.Release|x64.ActiveCfg = Release|x64
		{7739055A-0424-4471-B24C-0B49888FF8E1}.Release|x64.Build.0 = Release|x64
		{7739055A-0424-4471-B24C-0B49888FF8E1}.Release|x86.ActiveCfg = Release|Win32
		{7739055A-0424-4471-B24C-0B49888FF8E1}.Release|x86.Build.0 = Release|Win32
	EndGlobalSection
	GlobalSection(SolutionProperties) = preSolution
		HideSolutionNode = FALSE
	EndGlobalSection
	GlobalSection(ExtensibilityGlobals) = postSolution
		SolutionGuid = {83E3F171-8E4A-484E-BF20-CFD4EFC6FA52}
	EndGlobalSection
EndGlobal
